// !$*UTF8*$!
{
	archiveVersion = 1;
	classes = {
	};
	objectVersion = 46;
	objects = {

/* Begin PBXBuildFile section */
		CC59C5CD8BE0192E07D4EFCB /* libPods.a in Frameworks */ = {isa = PBXBuildFile; fileRef = B7325DD56E16C7E2FF41B68C /* libPods.a */; };
		FB349D1B1B7ABED200C97037 /* main.m in Sources */ = {isa = PBXBuildFile; fileRef = FB349D1A1B7ABED200C97037 /* main.m */; };
		FB349D1E1B7ABED200C97037 /* AppDelegate.m in Sources */ = {isa = PBXBuildFile; fileRef = FB349D1D1B7ABED200C97037 /* AppDelegate.m */; };
		FB349D211B7ABED200C97037 /* FindMeMilkTea.xcdatamodeld in Sources */ = {isa = PBXBuildFile; fileRef = FB349D1F1B7ABED200C97037 /* FindMeMilkTea.xcdatamodeld */; };
		FB349D271B7ABED200C97037 /* Main.storyboard in Resources */ = {isa = PBXBuildFile; fileRef = FB349D251B7ABED200C97037 /* Main.storyboard */; };
		FB349D291B7ABED200C97037 /* Images.xcassets in Resources */ = {isa = PBXBuildFile; fileRef = FB349D281B7ABED200C97037 /* Images.xcassets */; };
		FB349D2C1B7ABED200C97037 /* LaunchScreen.xib in Resources */ = {isa = PBXBuildFile; fileRef = FB349D2A1B7ABED200C97037 /* LaunchScreen.xib */; };
		FB349D381B7ABED200C97037 /* FindMeMilkTeaTests.m in Sources */ = {isa = PBXBuildFile; fileRef = FB349D371B7ABED200C97037 /* FindMeMilkTeaTests.m */; };
		FB349D431B7ABFD700C97037 /* MapViewController.m in Sources */ = {isa = PBXBuildFile; fileRef = FB349D421B7ABFD700C97037 /* MapViewController.m */; };
		FB349D451B7AC01800C97037 /* MapKit.framework in Frameworks */ = {isa = PBXBuildFile; fileRef = FB349D441B7AC01800C97037 /* MapKit.framework */; };
		FB34A0761B7ACAD000C97037 /* BubbleTeaStore.m in Sources */ = {isa = PBXBuildFile; fileRef = FB34A0751B7ACAD000C97037 /* BubbleTeaStore.m */; };
		FB34A0791B7ADAC800C97037 /* Location.m in Sources */ = {isa = PBXBuildFile; fileRef = FB34A0781B7ADAC800C97037 /* Location.m */; };
		FB34A07F1B7B084800C97037 /* Contact.m in Sources */ = {isa = PBXBuildFile; fileRef = FB34A07E1B7B084800C97037 /* Contact.m */; };
		FB34A0831B7B240400C97037 /* StoreDetailViewController.m in Sources */ = {isa = PBXBuildFile; fileRef = FB34A0821B7B240400C97037 /* StoreDetailViewController.m */; };
/* End PBXBuildFile section */

/* Begin PBXContainerItemProxy section */
		FB349D321B7ABED200C97037 /* PBXContainerItemProxy */ = {
			isa = PBXContainerItemProxy;
			containerPortal = FB349D0D1B7ABED200C97037 /* Project object */;
			proxyType = 1;
			remoteGlobalIDString = FB349D141B7ABED200C97037;
			remoteInfo = FindMeMilkTea;
		};
/* End PBXContainerItemProxy section */

/* Begin PBXFileReference section */
		833B4FDF56EB89D7ED6BC96D /* Pods.debug.xcconfig */ = {isa = PBXFileReference; includeInIndex = 1; lastKnownFileType = text.xcconfig; name = Pods.debug.xcconfig; path = "Pods/Target Support Files/Pods/Pods.debug.xcconfig"; sourceTree = "<group>"; };
		B2F9F29ABB9103EA0644287C /* Pods.release.xcconfig */ = {isa = PBXFileReference; includeInIndex = 1; lastKnownFileType = text.xcconfig; name = Pods.release.xcconfig; path = "Pods/Target Support Files/Pods/Pods.release.xcconfig"; sourceTree = "<group>"; };
		B7325DD56E16C7E2FF41B68C /* libPods.a */ = {isa = PBXFileReference; explicitFileType = archive.ar; includeInIndex = 0; path = libPods.a; sourceTree = BUILT_PRODUCTS_DIR; };
		FB349D151B7ABED200C97037 /* FindMeMilkTea.app */ = {isa = PBXFileReference; explicitFileType = wrapper.application; includeInIndex = 0; path = FindMeMilkTea.app; sourceTree = BUILT_PRODUCTS_DIR; };
		FB349D191B7ABED200C97037 /* Info.plist */ = {isa = PBXFileReference; lastKnownFileType = text.plist.xml; path = Info.plist; sourceTree = "<group>"; };
		FB349D1A1B7ABED200C97037 /* main.m */ = {isa = PBXFileReference; lastKnownFileType = sourcecode.c.objc; path = main.m; sourceTree = "<group>"; };
		FB349D1C1B7ABED200C97037 /* AppDelegate.h */ = {isa = PBXFileReference; lastKnownFileType = sourcecode.c.h; path = AppDelegate.h; sourceTree = "<group>"; };
		FB349D1D1B7ABED200C97037 /* AppDelegate.m */ = {isa = PBXFileReference; lastKnownFileType = sourcecode.c.objc; path = AppDelegate.m; sourceTree = "<group>"; };
		FB349D201B7ABED200C97037 /* FindMeMilkTea.xcdatamodel */ = {isa = PBXFileReference; lastKnownFileType = wrapper.xcdatamodel; path = FindMeMilkTea.xcdatamodel; sourceTree = "<group>"; };
		FB349D261B7ABED200C97037 /* Base */ = {isa = PBXFileReference; lastKnownFileType = file.storyboard; name = Base; path = Base.lproj/Main.storyboard; sourceTree = "<group>"; };
		FB349D281B7ABED200C97037 /* Images.xcassets */ = {isa = PBXFileReference; lastKnownFileType = folder.assetcatalog; path = Images.xcassets; sourceTree = "<group>"; };
		FB349D2B1B7ABED200C97037 /* Base */ = {isa = PBXFileReference; lastKnownFileType = file.xib; name = Base; path = Base.lproj/LaunchScreen.xib; sourceTree = "<group>"; };
		FB349D311B7ABED200C97037 /* FindMeMilkTeaTests.xctest */ = {isa = PBXFileReference; explicitFileType = wrapper.cfbundle; includeInIndex = 0; path = FindMeMilkTeaTests.xctest; sourceTree = BUILT_PRODUCTS_DIR; };
		FB349D361B7ABED200C97037 /* Info.plist */ = {isa = PBXFileReference; lastKnownFileType = text.plist.xml; path = Info.plist; sourceTree = "<group>"; };
		FB349D371B7ABED200C97037 /* FindMeMilkTeaTests.m */ = {isa = PBXFileReference; lastKnownFileType = sourcecode.c.objc; path = FindMeMilkTeaTests.m; sourceTree = "<group>"; };
		FB349D411B7ABFD700C97037 /* MapViewController.h */ = {isa = PBXFileReference; fileEncoding = 4; lastKnownFileType = sourcecode.c.h; path = MapViewController.h; sourceTree = "<group>"; };
		FB349D421B7ABFD700C97037 /* MapViewController.m */ = {isa = PBXFileReference; fileEncoding = 4; lastKnownFileType = sourcecode.c.objc; path = MapViewController.m; sourceTree = "<group>"; };
		FB349D441B7AC01800C97037 /* MapKit.framework */ = {isa = PBXFileReference; lastKnownFileType = wrapper.framework; name = MapKit.framework; path = System/Library/Frameworks/MapKit.framework; sourceTree = SDKROOT; };
		FB34A0741B7ACAD000C97037 /* BubbleTeaStore.h */ = {isa = PBXFileReference; fileEncoding = 4; lastKnownFileType = sourcecode.c.h; path = BubbleTeaStore.h; sourceTree = "<group>"; };
		FB34A0751B7ACAD000C97037 /* BubbleTeaStore.m */ = {isa = PBXFileReference; fileEncoding = 4; lastKnownFileType = sourcecode.c.objc; path = BubbleTeaStore.m; sourceTree = "<group>"; };
		FB34A0771B7ADAC800C97037 /* Location.h */ = {isa = PBXFileReference; fileEncoding = 4; lastKnownFileType = sourcecode.c.h; path = Location.h; sourceTree = "<group>"; };
		FB34A0781B7ADAC800C97037 /* Location.m */ = {isa = PBXFileReference; fileEncoding = 4; lastKnownFileType = sourcecode.c.objc; path = Location.m; sourceTree = "<group>"; };
		FB34A07D1B7B084800C97037 /* Contact.h */ = {isa = PBXFileReference; fileEncoding = 4; lastKnownFileType = sourcecode.c.h; path = Contact.h; sourceTree = "<group>"; };
		FB34A07E1B7B084800C97037 /* Contact.m */ = {isa = PBXFileReference; fileEncoding = 4; lastKnownFileType = sourcecode.c.objc; path = Contact.m; sourceTree = "<group>"; };
		FB34A0811B7B240400C97037 /* StoreDetailViewController.h */ = {isa = PBXFileReference; fileEncoding = 4; lastKnownFileType = sourcecode.c.h; path = StoreDetailViewController.h; sourceTree = "<group>"; };
		FB34A0821B7B240400C97037 /* StoreDetailViewController.m */ = {isa = PBXFileReference; fileEncoding = 4; lastKnownFileType = sourcecode.c.objc; path = StoreDetailViewController.m; sourceTree = "<group>"; };
/* End PBXFileReference section */

/* Begin PBXFrameworksBuildPhase section */
		FB349D121B7ABED200C97037 /* Frameworks */ = {
			isa = PBXFrameworksBuildPhase;
			buildActionMask = 2147483647;
			files = (
				FB349D451B7AC01800C97037 /* MapKit.framework in Frameworks */,
				CC59C5CD8BE0192E07D4EFCB /* libPods.a in Frameworks */,
			);
			runOnlyForDeploymentPostprocessing = 0;
		};
		FB349D2E1B7ABED200C97037 /* Frameworks */ = {
			isa = PBXFrameworksBuildPhase;
			buildActionMask = 2147483647;
			files = (
			);
			runOnlyForDeploymentPostprocessing = 0;
		};
/* End PBXFrameworksBuildPhase section */

/* Begin PBXGroup section */
		74118AD257B40C03564251CC /* Pods */ = {
			isa = PBXGroup;
			children = (
				833B4FDF56EB89D7ED6BC96D /* Pods.debug.xcconfig */,
				B2F9F29ABB9103EA0644287C /* Pods.release.xcconfig */,
			);
			name = Pods;
			sourceTree = "<group>";
		};
		A350A2EB65DA6324CD206E91 /* Frameworks */ = {
			isa = PBXGroup;
			children = (
				B7325DD56E16C7E2FF41B68C /* libPods.a */,
			);
			name = Frameworks;
			sourceTree = "<group>";
		};
		FB349D0C1B7ABED200C97037 = {
			isa = PBXGroup;
			children = (
				FB349D441B7AC01800C97037 /* MapKit.framework */,
				FB349D171B7ABED200C97037 /* FindMeMilkTea */,
				FB349D341B7ABED200C97037 /* FindMeMilkTeaTests */,
				FB349D161B7ABED200C97037 /* Products */,
				74118AD257B40C03564251CC /* Pods */,
				A350A2EB65DA6324CD206E91 /* Frameworks */,
			);
			sourceTree = "<group>";
		};
		FB349D161B7ABED200C97037 /* Products */ = {
			isa = PBXGroup;
			children = (
				FB349D151B7ABED200C97037 /* FindMeMilkTea.app */,
				FB349D311B7ABED200C97037 /* FindMeMilkTeaTests.xctest */,
			);
			name = Products;
			sourceTree = "<group>";
		};
		FB349D171B7ABED200C97037 /* FindMeMilkTea */ = {
			isa = PBXGroup;
			children = (
				FB34A0801B7B16C200C97037 /* Model */,
				FB349D1C1B7ABED200C97037 /* AppDelegate.h */,
				FB349D1D1B7ABED200C97037 /* AppDelegate.m */,
				FB349D411B7ABFD700C97037 /* MapViewController.h */,
				FB349D421B7ABFD700C97037 /* MapViewController.m */,
				FB34A0811B7B240400C97037 /* StoreDetailViewController.h */,
				FB34A0821B7B240400C97037 /* StoreDetailViewController.m */,
				FB349D251B7ABED200C97037 /* Main.storyboard */,
				FB349D281B7ABED200C97037 /* Images.xcassets */,
				FB349D2A1B7ABED200C97037 /* LaunchScreen.xib */,
				FB349D1F1B7ABED200C97037 /* FindMeMilkTea.xcdatamodeld */,
				FB349D181B7ABED200C97037 /* Supporting Files */,
			);
			path = FindMeMilkTea;
			sourceTree = "<group>";
		};
		FB349D181B7ABED200C97037 /* Supporting Files */ = {
			isa = PBXGroup;
			children = (
				FB349D191B7ABED200C97037 /* Info.plist */,
				FB349D1A1B7ABED200C97037 /* main.m */,
			);
			name = "Supporting Files";
			sourceTree = "<group>";
		};
		FB349D341B7ABED200C97037 /* FindMeMilkTeaTests */ = {
			isa = PBXGroup;
			children = (
				FB349D371B7ABED200C97037 /* FindMeMilkTeaTests.m */,
				FB349D351B7ABED200C97037 /* Supporting Files */,
			);
			path = FindMeMilkTeaTests;
			sourceTree = "<group>";
		};
		FB349D351B7ABED200C97037 /* Supporting Files */ = {
			isa = PBXGroup;
			children = (
				FB349D361B7ABED200C97037 /* Info.plist */,
			);
			name = "Supporting Files";
			sourceTree = "<group>";
		};
		FB34A0801B7B16C200C97037 /* Model */ = {
			isa = PBXGroup;
			children = (
				FB34A0741B7ACAD000C97037 /* BubbleTeaStore.h */,
				FB34A0751B7ACAD000C97037 /* BubbleTeaStore.m */,
				FB34A07D1B7B084800C97037 /* Contact.h */,
				FB34A07E1B7B084800C97037 /* Contact.m */,
				FB34A0771B7ADAC800C97037 /* Location.h */,
				FB34A0781B7ADAC800C97037 /* Location.m */,
			);
			name = Model;
			sourceTree = "<group>";
		};
/* End PBXGroup section */

/* Begin PBXNativeTarget section */
		FB349D141B7ABED200C97037 /* FindMeMilkTea */ = {
			isa = PBXNativeTarget;
			buildConfigurationList = FB349D3B1B7ABED200C97037 /* Build configuration list for PBXNativeTarget "FindMeMilkTea" */;
			buildPhases = (
				713A85E386FEB375E6EE957E /* Check Pods Manifest.lock */,
				FB349D111B7ABED200C97037 /* Sources */,
				FB349D121B7ABED200C97037 /* Frameworks */,
				FB349D131B7ABED200C97037 /* Resources */,
				8503293D9F4B15F04DDCD25D /* Copy Pods Resources */,
			);
			buildRules = (
			);
			dependencies = (
			);
			name = FindMeMilkTea;
			productName = FindMeMilkTea;
			productReference = FB349D151B7ABED200C97037 /* FindMeMilkTea.app */;
			productType = "com.apple.product-type.application";
		};
		FB349D301B7ABED200C97037 /* FindMeMilkTeaTests */ = {
			isa = PBXNativeTarget;
			buildConfigurationList = FB349D3E1B7ABED200C97037 /* Build configuration list for PBXNativeTarget "FindMeMilkTeaTests" */;
			buildPhases = (
				FB349D2D1B7ABED200C97037 /* Sources */,
				FB349D2E1B7ABED200C97037 /* Frameworks */,
				FB349D2F1B7ABED200C97037 /* Resources */,
			);
			buildRules = (
			);
			dependencies = (
				FB349D331B7ABED200C97037 /* PBXTargetDependency */,
			);
			name = FindMeMilkTeaTests;
			productName = FindMeMilkTeaTests;
			productReference = FB349D311B7ABED200C97037 /* FindMeMilkTeaTests.xctest */;
			productType = "com.apple.product-type.bundle.unit-test";
		};
/* End PBXNativeTarget section */

/* Begin PBXProject section */
		FB349D0D1B7ABED200C97037 /* Project object */ = {
			isa = PBXProject;
			attributes = {
				LastUpgradeCheck = 0640;
				ORGANIZATIONNAME = "Shannon Phu";
				TargetAttributes = {
					FB349D141B7ABED200C97037 = {
						CreatedOnToolsVersion = 6.4;
					};
					FB349D301B7ABED200C97037 = {
						CreatedOnToolsVersion = 6.4;
						TestTargetID = FB349D141B7ABED200C97037;
					};
				};
			};
			buildConfigurationList = FB349D101B7ABED200C97037 /* Build configuration list for PBXProject "FindMeMilkTea" */;
			compatibilityVersion = "Xcode 3.2";
			developmentRegion = English;
			hasScannedForEncodings = 0;
			knownRegions = (
				en,
				Base,
			);
			mainGroup = FB349D0C1B7ABED200C97037;
			productRefGroup = FB349D161B7ABED200C97037 /* Products */;
			projectDirPath = "";
			projectRoot = "";
			targets = (
				FB349D141B7ABED200C97037 /* FindMeMilkTea */,
				FB349D301B7ABED200C97037 /* FindMeMilkTeaTests */,
			);
		};
/* End PBXProject section */

/* Begin PBXResourcesBuildPhase section */
		FB349D131B7ABED200C97037 /* Resources */ = {
			isa = PBXResourcesBuildPhase;
			buildActionMask = 2147483647;
			files = (
				FB349D271B7ABED200C97037 /* Main.storyboard in Resources */,
				FB349D2C1B7ABED200C97037 /* LaunchScreen.xib in Resources */,
				FB349D291B7ABED200C97037 /* Images.xcassets in Resources */,
			);
			runOnlyForDeploymentPostprocessing = 0;
		};
		FB349D2F1B7ABED200C97037 /* Resources */ = {
			isa = PBXResourcesBuildPhase;
			buildActionMask = 2147483647;
			files = (
			);
			runOnlyForDeploymentPostprocessing = 0;
		};
/* End PBXResourcesBuildPhase section */

/* Begin PBXShellScriptBuildPhase section */
		713A85E386FEB375E6EE957E /* Check Pods Manifest.lock */ = {
			isa = PBXShellScriptBuildPhase;
			buildActionMask = 2147483647;
			files = (
			);
			inputPaths = (
			);
			name = "Check Pods Manifest.lock";
			outputPaths = (
			);
			runOnlyForDeploymentPostprocessing = 0;
			shellPath = /bin/sh;
			shellScript = "diff \"${PODS_ROOT}/../Podfile.lock\" \"${PODS_ROOT}/Manifest.lock\" > /dev/null\nif [[ $? != 0 ]] ; then\n    cat << EOM\nerror: The sandbox is not in sync with the Podfile.lock. Run 'pod install' or update your CocoaPods installation.\nEOM\n    exit 1\nfi\n";
			showEnvVarsInLog = 0;
		};
		8503293D9F4B15F04DDCD25D /* Copy Pods Resources */ = {
			isa = PBXShellScriptBuildPhase;
			buildActionMask = 2147483647;
			files = (
			);
			inputPaths = (
			);
			name = "Copy Pods Resources";
			outputPaths = (
			);
			runOnlyForDeploymentPostprocessing = 0;
			shellPath = /bin/sh;
			shellScript = "\"${SRCROOT}/Pods/Target Support Files/Pods/Pods-resources.sh\"\n";
			showEnvVarsInLog = 0;
		};
/* End PBXShellScriptBuildPhase section */

/* Begin PBXSourcesBuildPhase section */
		FB349D111B7ABED200C97037 /* Sources */ = {
			isa = PBXSourcesBuildPhase;
			buildActionMask = 2147483647;
			files = (
				FB34A07F1B7B084800C97037 /* Contact.m in Sources */,
				FB349D1E1B7ABED200C97037 /* AppDelegate.m in Sources */,
				FB349D1B1B7ABED200C97037 /* main.m in Sources */,
				FB349D211B7ABED200C97037 /* FindMeMilkTea.xcdatamodeld in Sources */,
				FB34A0761B7ACAD000C97037 /* BubbleTeaStore.m in Sources */,
				FB34A0831B7B240400C97037 /* StoreDetailViewController.m in Sources */,
				FB34A0791B7ADAC800C97037 /* Location.m in Sources */,
				FB349D431B7ABFD700C97037 /* MapViewController.m in Sources */,
			);
			runOnlyForDeploymentPostprocessing = 0;
		};
		FB349D2D1B7ABED200C97037 /* Sources */ = {
			isa = PBXSourcesBuildPhase;
			buildActionMask = 2147483647;
			files = (
				FB349D381B7ABED200C97037 /* FindMeMilkTeaTests.m in Sources */,
			);
			runOnlyForDeploymentPostprocessing = 0;
		};
/* End PBXSourcesBuildPhase section */

/* Begin PBXTargetDependency section */
		FB349D331B7ABED200C97037 /* PBXTargetDependency */ = {
			isa = PBXTargetDependency;
			target = FB349D141B7ABED200C97037 /* FindMeMilkTea */;
			targetProxy = FB349D321B7ABED200C97037 /* PBXContainerItemProxy */;
		};
/* End PBXTargetDependency section */

/* Begin PBXVariantGroup section */
		FB349D251B7ABED200C97037 /* Main.storyboard */ = {
			isa = PBXVariantGroup;
			children = (
				FB349D261B7ABED200C97037 /* Base */,
			);
			name = Main.storyboard;
			sourceTree = "<group>";
		};
		FB349D2A1B7ABED200C97037 /* LaunchScreen.xib */ = {
			isa = PBXVariantGroup;
			children = (
				FB349D2B1B7ABED200C97037 /* Base */,
			);
			name = LaunchScreen.xib;
			sourceTree = "<group>";
		};
/* End PBXVariantGroup section */

/* Begin XCBuildConfiguration section */
		FB349D391B7ABED200C97037 /* Debug */ = {
			isa = XCBuildConfiguration;
			buildSettings = {
				ALWAYS_SEARCH_USER_PATHS = NO;
				CLANG_CXX_LANGUAGE_STANDARD = "gnu++0x";
				CLANG_CXX_LIBRARY = "libc++";
				CLANG_ENABLE_MODULES = YES;
				CLANG_ENABLE_OBJC_ARC = YES;
				CLANG_WARN_BOOL_CONVERSION = YES;
				CLANG_WARN_CONSTANT_CONVERSION = YES;
				CLANG_WARN_DIRECT_OBJC_ISA_USAGE = YES_ERROR;
				CLANG_WARN_EMPTY_BODY = YES;
				CLANG_WARN_ENUM_CONVERSION = YES;
				CLANG_WARN_INT_CONVERSION = YES;
				CLANG_WARN_OBJC_ROOT_CLASS = YES_ERROR;
				CLANG_WARN_UNREACHABLE_CODE = YES;
				CLANG_WARN__DUPLICATE_METHOD_MATCH = YES;
				"CODE_SIGN_IDENTITY[sdk=iphoneos*]" = "iPhone Developer";
				COPY_PHASE_STRIP = NO;
				DEBUG_INFORMATION_FORMAT = "dwarf-with-dsym";
				ENABLE_STRICT_OBJC_MSGSEND = YES;
				GCC_C_LANGUAGE_STANDARD = gnu99;
				GCC_DYNAMIC_NO_PIC = NO;
				GCC_NO_COMMON_BLOCKS = YES;
				GCC_OPTIMIZATION_LEVEL = 0;
				GCC_PREPROCESSOR_DEFINITIONS = (
					"DEBUG=1",
					"$(inherited)",
				);
				GCC_SYMBOLS_PRIVATE_EXTERN = NO;
				GCC_WARN_64_TO_32_BIT_CONVERSION = YES;
				GCC_WARN_ABOUT_RETURN_TYPE = YES_ERROR;
				GCC_WARN_UNDECLARED_SELECTOR = YES;
				GCC_WARN_UNINITIALIZED_AUTOS = YES_AGGRESSIVE;
				GCC_WARN_UNUSED_FUNCTION = YES;
				GCC_WARN_UNUSED_VARIABLE = YES;
				IPHONEOS_DEPLOYMENT_TARGET = 8.4;
				MTL_ENABLE_DEBUG_INFO = YES;
				ONLY_ACTIVE_ARCH = YES;
				SDKROOT = iphoneos;
			};
			name = Debug;
		};
		FB349D3A1B7ABED200C97037 /* Release */ = {
			isa = XCBuildConfiguration;
			buildSettings = {
				ALWAYS_SEARCH_USER_PATHS = NO;
				CLANG_CXX_LANGUAGE_STANDARD = "gnu++0x";
				CLANG_CXX_LIBRARY = "libc++";
				CLANG_ENABLE_MODULES = YES;
				CLANG_ENABLE_OBJC_ARC = YES;
				CLANG_WARN_BOOL_CONVERSION = YES;
				CLANG_WARN_CONSTANT_CONVERSION = YES;
				CLANG_WARN_DIRECT_OBJC_ISA_USAGE = YES_ERROR;
				CLANG_WARN_EMPTY_BODY = YES;
				CLANG_WARN_ENUM_CONVERSION = YES;
				CLANG_WARN_INT_CONVERSION = YES;
				CLANG_WARN_OBJC_ROOT_CLASS = YES_ERROR;
				CLANG_WARN_UNREACHABLE_CODE = YES;
				CLANG_WARN__DUPLICATE_METHOD_MATCH = YES;
				"CODE_SIGN_IDENTITY[sdk=iphoneos*]" = "iPhone Developer";
				COPY_PHASE_STRIP = NO;
				DEBUG_INFORMATION_FORMAT = "dwarf-with-dsym";
				ENABLE_NS_ASSERTIONS = NO;
				ENABLE_STRICT_OBJC_MSGSEND = YES;
				GCC_C_LANGUAGE_STANDARD = gnu99;
				GCC_NO_COMMON_BLOCKS = YES;
				GCC_WARN_64_TO_32_BIT_CONVERSION = YES;
				GCC_WARN_ABOUT_RETURN_TYPE = YES_ERROR;
				GCC_WARN_UNDECLARED_SELECTOR = YES;
				GCC_WARN_UNINITIALIZED_AUTOS = YES_AGGRESSIVE;
				GCC_WARN_UNUSED_FUNCTION = YES;
				GCC_WARN_UNUSED_VARIABLE = YES;
				IPHONEOS_DEPLOYMENT_TARGET = 8.4;
				MTL_ENABLE_DEBUG_INFO = NO;
				SDKROOT = iphoneos;
				VALIDATE_PRODUCT = YES;
			};
			name = Release;
		};
		FB349D3C1B7ABED200C97037 /* Debug */ = {
			isa = XCBuildConfiguration;
			baseConfigurationReference = 833B4FDF56EB89D7ED6BC96D /* Pods.debug.xcconfig */;
			buildSettings = {
				ASSETCATALOG_COMPILER_APPICON_NAME = AppIcon;
				INFOPLIST_FILE = FindMeMilkTea/Info.plist;
				LD_RUNPATH_SEARCH_PATHS = "$(inherited) @executable_path/Frameworks";
				PRODUCT_NAME = "$(TARGET_NAME)";
			};
			name = Debug;
		};
		FB349D3D1B7ABED200C97037 /* Release */ = {
			isa = XCBuildConfiguration;
			baseConfigurationReference = B2F9F29ABB9103EA0644287C /* Pods.release.xcconfig */;
			buildSettings = {
				ASSETCATALOG_COMPILER_APPICON_NAME = AppIcon;
				INFOPLIST_FILE = FindMeMilkTea/Info.plist;
				LD_RUNPATH_SEARCH_PATHS = "$(inherited) @executable_path/Frameworks";
				PRODUCT_NAME = "$(TARGET_NAME)";
			};
			name = Release;
		};
		FB349D3F1B7ABED200C97037 /* Debug */ = {
			isa = XCBuildConfiguration;
			buildSettings = {
				BUNDLE_LOADER = "$(TEST_HOST)";
				FRAMEWORK_SEARCH_PATHS = (
					"$(SDKROOT)/Developer/Library/Frameworks",
					"$(inherited)",
				);
				GCC_PREPROCESSOR_DEFINITIONS = (
					"DEBUG=1",
					"$(inherited)",
				);
				INFOPLIST_FILE = FindMeMilkTeaTests/Info.plist;
				LD_RUNPATH_SEARCH_PATHS = "$(inherited) @executable_path/Frameworks @loader_path/Frameworks";
				PRODUCT_NAME = "$(TARGET_NAME)";
				TEST_HOST = "$(BUILT_PRODUCTS_DIR)/FindMeMilkTea.app/FindMeMilkTea";
			};
			name = Debug;
		};
		FB349D401B7ABED200C97037 /* Release */ = {
			isa = XCBuildConfiguration;
			buildSettings = {
				BUNDLE_LOADER = "$(TEST_HOST)";
				FRAMEWORK_SEARCH_PATHS = (
					"$(SDKROOT)/Developer/Library/Frameworks",
					"$(inherited)",
				);
				INFOPLIST_FILE = FindMeMilkTeaTests/Info.plist;
				LD_RUNPATH_SEARCH_PATHS = "$(inherited) @executable_path/Frameworks @loader_path/Frameworks";
				PRODUCT_NAME = "$(TARGET_NAME)";
				TEST_HOST = "$(BUILT_PRODUCTS_DIR)/FindMeMilkTea.app/FindMeMilkTea";
			};
			name = Release;
		};
/* End XCBuildConfiguration section */

/* Begin XCConfigurationList section */
		FB349D101B7ABED200C97037 /* Build configuration list for PBXProject "FindMeMilkTea" */ = {
			isa = XCConfigurationList;
			buildConfigurations = (
				FB349D391B7ABED200C97037 /* Debug */,
				FB349D3A1B7ABED200C97037 /* Release */,
			);
			defaultConfigurationIsVisible = 0;
			defaultConfigurationName = Release;
		};
		FB349D3B1B7ABED200C97037 /* Build configuration list for PBXNativeTarget "FindMeMilkTea" */ = {
			isa = XCConfigurationList;
			buildConfigurations = (
				FB349D3C1B7ABED200C97037 /* Debug */,
				FB349D3D1B7ABED200C97037 /* Release */,
			);
			defaultConfigurationIsVisible = 0;
			defaultConfigurationName = Release;
		};
		FB349D3E1B7ABED200C97037 /* Build configuration list for PBXNativeTarget "FindMeMilkTeaTests" */ = {
			isa = XCConfigurationList;
			buildConfigurations = (
				FB349D3F1B7ABED200C97037 /* Debug */,
				FB349D401B7ABED200C97037 /* Release */,
			);
			defaultConfigurationIsVisible = 0;
			defaultConfigurationName = Release;
		};
/* End XCConfigurationList section */

/* Begin XCVersionGroup section */
		FB349D1F1B7ABED200C97037 /* FindMeMilkTea.xcdatamodeld */ = {
			isa = XCVersionGroup;
			children = (
				FB349D201B7ABED200C97037 /* FindMeMilkTea.xcdatamodel */,
			);
			currentVersion = FB349D201B7ABED200C97037 /* FindMeMilkTea.xcdatamodel */;
			path = FindMeMilkTea.xcdatamodeld;
			sourceTree = "<group>";
			versionGroupType = wrapper.xcdatamodel;
		};
/* End XCVersionGroup section */
	};
	rootObject = FB349D0D1B7ABED200C97037 /* Project object */;
}
